// !$*UTF8*$!
{
	archiveVersion = 1;
	classes = {
	};
	objectVersion = 50;
	objects = {

/* Begin PBXBuildFile section */
		7A78EFA429B607FA00C7B898 /* AppDelegate.swift in Sources */ = {isa = PBXBuildFile; fileRef = 7A78EFA329B607FA00C7B898 /* AppDelegate.swift */; };
		7A78EFA629B607FA00C7B898 /* SceneDelegate.swift in Sources */ = {isa = PBXBuildFile; fileRef = 7A78EFA529B607FA00C7B898 /* SceneDelegate.swift */; };
		7A78EFA829B607FA00C7B898 /* ViewController.swift in Sources */ = {isa = PBXBuildFile; fileRef = 7A78EFA729B607FA00C7B898 /* ViewController.swift */; };
		7A78EFAB29B607FA00C7B898 /* Main.storyboard in Resources */ = {isa = PBXBuildFile; fileRef = 7A78EFA929B607FA00C7B898 /* Main.storyboard */; };
		7A78EFAD29B607FD00C7B898 /* Assets.xcassets in Resources */ = {isa = PBXBuildFile; fileRef = 7A78EFAC29B607FD00C7B898 /* Assets.xcassets */; };
		7A78EFB029B607FD00C7B898 /* LaunchScreen.storyboard in Resources */ = {isa = PBXBuildFile; fileRef = 7A78EFAE29B607FD00C7B898 /* LaunchScreen.storyboard */; };
		7A78EFBB29B607FD00C7B898 /* _200505024SelimTekin_ilkSoru_Tests.swift in Sources */ = {isa = PBXBuildFile; fileRef = 7A78EFBA29B607FD00C7B898 /* _200505024SelimTekin_ilkSoru_Tests.swift */; };
		7A78EFC629B607FD00C7B898 /* _200505024SelimTekin_ilkSoru_UITests.swift in Sources */ = {isa = PBXBuildFile; fileRef = 7A78EFC529B607FD00C7B898 /* _200505024SelimTekin_ilkSoru_UITests.swift */; };
		7A78EFD729B60CBA00C7B898 /* AraclariGoruntuleViewController.swift in Sources */ = {isa = PBXBuildFile; fileRef = 7A78EFD629B60CBA00C7B898 /* AraclariGoruntuleViewController.swift */; };
		7A78EFE129B6158D00C7B898 /* SUV2.jpeg in Resources */ = {isa = PBXBuildFile; fileRef = 7A78EFDB29B6158D00C7B898 /* SUV2.jpeg */; };
		7A78EFE229B6158D00C7B898 /* hatchback1.jpeg in Resources */ = {isa = PBXBuildFile; fileRef = 7A78EFDC29B6158D00C7B898 /* hatchback1.jpeg */; };
		7A78EFE329B6158D00C7B898 /* sedan2.jpeg in Resources */ = {isa = PBXBuildFile; fileRef = 7A78EFDD29B6158D00C7B898 /* sedan2.jpeg */; };
		7A78EFE429B6158D00C7B898 /* sedan1.jpeg in Resources */ = {isa = PBXBuildFile; fileRef = 7A78EFDE29B6158D00C7B898 /* sedan1.jpeg */; };
		7A78EFE529B6158D00C7B898 /* hatchback2.jpeg in Resources */ = {isa = PBXBuildFile; fileRef = 7A78EFDF29B6158D00C7B898 /* hatchback2.jpeg */; };
		7A78EFE629B6158D00C7B898 /* SUV1.jpeg in Resources */ = {isa = PBXBuildFile; fileRef = 7A78EFE029B6158D00C7B898 /* SUV1.jpeg */; };
		7A78EFEE29B6491800C7B898 /* KiralamaViewController.swift in Sources */ = {isa = PBXBuildFile; fileRef = 7A78EFED29B6491800C7B898 /* KiralamaViewController.swift */; };
/* End PBXBuildFile section */

/* Begin PBXContainerItemProxy section */
		7A78EFB729B607FD00C7B898 /* PBXContainerItemProxy */ = {
			isa = PBXContainerItemProxy;
			containerPortal = 7A78EF9829B607FA00C7B898 /* Project object */;
			proxyType = 1;
			remoteGlobalIDString = 7A78EF9F29B607FA00C7B898;
			remoteInfo = "1200505024SelimTekin(ilkSoru)";
		};
		7A78EFC229B607FD00C7B898 /* PBXContainerItemProxy */ = {
			isa = PBXContainerItemProxy;
			containerPortal = 7A78EF9829B607FA00C7B898 /* Project object */;
			proxyType = 1;
			remoteGlobalIDString = 7A78EF9F29B607FA00C7B898;
			remoteInfo = "1200505024SelimTekin(ilkSoru)";
		};
/* End PBXContainerItemProxy section */

/* Begin PBXFileReference section */
		7A78EFA029B607FA00C7B898 /* 1200505024SelimTekin(ilkSoru).app */ = {isa = PBXFileReference; explicitFileType = wrapper.application; includeInIndex = 0; path = "1200505024SelimTekin(ilkSoru).app"; sourceTree = BUILT_PRODUCTS_DIR; };
		7A78EFA329B607FA00C7B898 /* AppDelegate.swift */ = {isa = PBXFileReference; lastKnownFileType = sourcecode.swift; path = AppDelegate.swift; sourceTree = "<group>"; };
		7A78EFA529B607FA00C7B898 /* SceneDelegate.swift */ = {isa = PBXFileReference; lastKnownFileType = sourcecode.swift; path = SceneDelegate.swift; sourceTree = "<group>"; };
		7A78EFA729B607FA00C7B898 /* ViewController.swift */ = {isa = PBXFileReference; lastKnownFileType = sourcecode.swift; path = ViewController.swift; sourceTree = "<group>"; };
		7A78EFAA29B607FA00C7B898 /* Base */ = {isa = PBXFileReference; lastKnownFileType = file.storyboard; name = Base; path = Base.lproj/Main.storyboard; sourceTree = "<group>"; };
		7A78EFAC29B607FD00C7B898 /* Assets.xcassets */ = {isa = PBXFileReference; lastKnownFileType = folder.assetcatalog; path = Assets.xcassets; sourceTree = "<group>"; };
		7A78EFAF29B607FD00C7B898 /* Base */ = {isa = PBXFileReference; lastKnownFileType = file.storyboard; name = Base; path = Base.lproj/LaunchScreen.storyboard; sourceTree = "<group>"; };
		7A78EFB129B607FD00C7B898 /* Info.plist */ = {isa = PBXFileReference; lastKnownFileType = text.plist.xml; path = Info.plist; sourceTree = "<group>"; };
		7A78EFB629B607FD00C7B898 /* 1200505024SelimTekin(ilkSoru)Tests.xctest */ = {isa = PBXFileReference; explicitFileType = wrapper.cfbundle; includeInIndex = 0; path = "1200505024SelimTekin(ilkSoru)Tests.xctest"; sourceTree = BUILT_PRODUCTS_DIR; };
		7A78EFBA29B607FD00C7B898 /* _200505024SelimTekin_ilkSoru_Tests.swift */ = {isa = PBXFileReference; lastKnownFileType = sourcecode.swift; path = _200505024SelimTekin_ilkSoru_Tests.swift; sourceTree = "<group>"; };
		7A78EFBC29B607FD00C7B898 /* Info.plist */ = {isa = PBXFileReference; lastKnownFileType = text.plist.xml; path = Info.plist; sourceTree = "<group>"; };
		7A78EFC129B607FD00C7B898 /* 1200505024SelimTekin(ilkSoru)UITests.xctest */ = {isa = PBXFileReference; explicitFileType = wrapper.cfbundle; includeInIndex = 0; path = "1200505024SelimTekin(ilkSoru)UITests.xctest"; sourceTree = BUILT_PRODUCTS_DIR; };
		7A78EFC529B607FD00C7B898 /* _200505024SelimTekin_ilkSoru_UITests.swift */ = {isa = PBXFileReference; lastKnownFileType = sourcecode.swift; path = _200505024SelimTekin_ilkSoru_UITests.swift; sourceTree = "<group>"; };
		7A78EFC729B607FD00C7B898 /* Info.plist */ = {isa = PBXFileReference; lastKnownFileType = text.plist.xml; path = Info.plist; sourceTree = "<group>"; };
		7A78EFD629B60CBA00C7B898 /* AraclariGoruntuleViewController.swift */ = {isa = PBXFileReference; lastKnownFileType = sourcecode.swift; path = AraclariGoruntuleViewController.swift; sourceTree = "<group>"; };
		7A78EFDB29B6158D00C7B898 /* SUV2.jpeg */ = {isa = PBXFileReference; lastKnownFileType = image.jpeg; name = SUV2.jpeg; path = ../../../../Desktop/SUV2.jpeg; sourceTree = "<group>"; };
		7A78EFDC29B6158D00C7B898 /* hatchback1.jpeg */ = {isa = PBXFileReference; lastKnownFileType = image.jpeg; name = hatchback1.jpeg; path = ../../../../Desktop/hatchback1.jpeg; sourceTree = "<group>"; };
		7A78EFDD29B6158D00C7B898 /* sedan2.jpeg */ = {isa = PBXFileReference; lastKnownFileType = image.jpeg; name = sedan2.jpeg; path = ../../../../Desktop/sedan2.jpeg; sourceTree = "<group>"; };
		7A78EFDE29B6158D00C7B898 /* sedan1.jpeg */ = {isa = PBXFileReference; lastKnownFileType = image.jpeg; name = sedan1.jpeg; path = ../../../../Desktop/sedan1.jpeg; sourceTree = "<group>"; };
		7A78EFDF29B6158D00C7B898 /* hatchback2.jpeg */ = {isa = PBXFileReference; lastKnownFileType = image.jpeg; name = hatchback2.jpeg; path = ../../../../Desktop/hatchback2.jpeg; sourceTree = "<group>"; };
		7A78EFE029B6158D00C7B898 /* SUV1.jpeg */ = {isa = PBXFileReference; lastKnownFileType = image.jpeg; name = SUV1.jpeg; path = ../../../../Desktop/SUV1.jpeg; sourceTree = "<group>"; };
		7A78EFED29B6491800C7B898 /* KiralamaViewController.swift */ = {isa = PBXFileReference; lastKnownFileType = sourcecode.swift; path = KiralamaViewController.swift; sourceTree = "<group>"; };
/* End PBXFileReference section */

/* Begin PBXFrameworksBuildPhase section */
		7A78EF9D29B607FA00C7B898 /* Frameworks */ = {
			isa = PBXFrameworksBuildPhase;
			buildActionMask = 2147483647;
			files = (
			);
			runOnlyForDeploymentPostprocessing = 0;
		};
		7A78EFB329B607FD00C7B898 /* Frameworks */ = {
			isa = PBXFrameworksBuildPhase;
			buildActionMask = 2147483647;
			files = (
			);
			runOnlyForDeploymentPostprocessing = 0;
		};
		7A78EFBE29B607FD00C7B898 /* Frameworks */ = {
			isa = PBXFrameworksBuildPhase;
			buildActionMask = 2147483647;
			files = (
			);
			runOnlyForDeploymentPostprocessing = 0;
		};
/* End PBXFrameworksBuildPhase section */

/* Begin PBXGroup section */
		7A78EF9729B607FA00C7B898 = {
			isa = PBXGroup;
			children = (
				7A78EFA229B607FA00C7B898 /* 1200505024SelimTekin(ilkSoru) */,
				7A78EFB929B607FD00C7B898 /* 1200505024SelimTekin(ilkSoru)Tests */,
				7A78EFC429B607FD00C7B898 /* 1200505024SelimTekin(ilkSoru)UITests */,
				7A78EFA129B607FA00C7B898 /* Products */,
			);
			sourceTree = "<group>";
		};
		7A78EFA129B607FA00C7B898 /* Products */ = {
			isa = PBXGroup;
			children = (
				7A78EFA029B607FA00C7B898 /* 1200505024SelimTekin(ilkSoru).app */,
				7A78EFB629B607FD00C7B898 /* 1200505024SelimTekin(ilkSoru)Tests.xctest */,
				7A78EFC129B607FD00C7B898 /* 1200505024SelimTekin(ilkSoru)UITests.xctest */,
			);
			name = Products;
			sourceTree = "<group>";
		};
		7A78EFA229B607FA00C7B898 /* 1200505024SelimTekin(ilkSoru) */ = {
			isa = PBXGroup;
			children = (
				7A78EFA329B607FA00C7B898 /* AppDelegate.swift */,
				7A78EFA529B607FA00C7B898 /* SceneDelegate.swift */,
				7A78EFA729B607FA00C7B898 /* ViewController.swift */,
				7A78EFA929B607FA00C7B898 /* Main.storyboard */,
				7A78EFD629B60CBA00C7B898 /* AraclariGoruntuleViewController.swift */,
				7A78EFED29B6491800C7B898 /* KiralamaViewController.swift */,
				7A78EFAC29B607FD00C7B898 /* Assets.xcassets */,
				7A78EFDC29B6158D00C7B898 /* hatchback1.jpeg */,
				7A78EFDF29B6158D00C7B898 /* hatchback2.jpeg */,
				7A78EFDE29B6158D00C7B898 /* sedan1.jpeg */,
				7A78EFDD29B6158D00C7B898 /* sedan2.jpeg */,
				7A78EFE029B6158D00C7B898 /* SUV1.jpeg */,
				7A78EFDB29B6158D00C7B898 /* SUV2.jpeg */,
				7A78EFAE29B607FD00C7B898 /* LaunchScreen.storyboard */,
				7A78EFB129B607FD00C7B898 /* Info.plist */,
			);
			path = "1200505024SelimTekin(ilkSoru)";
			sourceTree = "<group>";
		};
		7A78EFB929B607FD00C7B898 /* 1200505024SelimTekin(ilkSoru)Tests */ = {
			isa = PBXGroup;
			children = (
				7A78EFBA29B607FD00C7B898 /* _200505024SelimTekin_ilkSoru_Tests.swift */,
				7A78EFBC29B607FD00C7B898 /* Info.plist */,
			);
			path = "1200505024SelimTekin(ilkSoru)Tests";
			sourceTree = "<group>";
		};
		7A78EFC429B607FD00C7B898 /* 1200505024SelimTekin(ilkSoru)UITests */ = {
			isa = PBXGroup;
			children = (
				7A78EFC529B607FD00C7B898 /* _200505024SelimTekin_ilkSoru_UITests.swift */,
				7A78EFC729B607FD00C7B898 /* Info.plist */,
			);
			path = "1200505024SelimTekin(ilkSoru)UITests";
			sourceTree = "<group>";
		};
/* End PBXGroup section */

/* Begin PBXNativeTarget section */
		7A78EF9F29B607FA00C7B898 /* 1200505024SelimTekin(ilkSoru) */ = {
			isa = PBXNativeTarget;
			buildConfigurationList = 7A78EFCA29B607FD00C7B898 /* Build configuration list for PBXNativeTarget "1200505024SelimTekin(ilkSoru)" */;
			buildPhases = (
				7A78EF9C29B607FA00C7B898 /* Sources */,
				7A78EF9D29B607FA00C7B898 /* Frameworks */,
				7A78EF9E29B607FA00C7B898 /* Resources */,
			);
			buildRules = (
			);
			dependencies = (
			);
			name = "1200505024SelimTekin(ilkSoru)";
			productName = "1200505024SelimTekin(ilkSoru)";
			productReference = 7A78EFA029B607FA00C7B898 /* 1200505024SelimTekin(ilkSoru).app */;
			productType = "com.apple.product-type.application";
		};
		7A78EFB529B607FD00C7B898 /* 1200505024SelimTekin(ilkSoru)Tests */ = {
			isa = PBXNativeTarget;
			buildConfigurationList = 7A78EFCD29B607FD00C7B898 /* Build configuration list for PBXNativeTarget "1200505024SelimTekin(ilkSoru)Tests" */;
			buildPhases = (
				7A78EFB229B607FD00C7B898 /* Sources */,
				7A78EFB329B607FD00C7B898 /* Frameworks */,
				7A78EFB429B607FD00C7B898 /* Resources */,
			);
			buildRules = (
			);
			dependencies = (
				7A78EFB829B607FD00C7B898 /* PBXTargetDependency */,
			);
			name = "1200505024SelimTekin(ilkSoru)Tests";
			productName = "1200505024SelimTekin(ilkSoru)Tests";
			productReference = 7A78EFB629B607FD00C7B898 /* 1200505024SelimTekin(ilkSoru)Tests.xctest */;
			productType = "com.apple.product-type.bundle.unit-test";
		};
		7A78EFC029B607FD00C7B898 /* 1200505024SelimTekin(ilkSoru)UITests */ = {
			isa = PBXNativeTarget;
			buildConfigurationList = 7A78EFD029B607FD00C7B898 /* Build configuration list for PBXNativeTarget "1200505024SelimTekin(ilkSoru)UITests" */;
			buildPhases = (
				7A78EFBD29B607FD00C7B898 /* Sources */,
				7A78EFBE29B607FD00C7B898 /* Frameworks */,
				7A78EFBF29B607FD00C7B898 /* Resources */,
			);
			buildRules = (
			);
			dependencies = (
				7A78EFC329B607FD00C7B898 /* PBXTargetDependency */,
			);
			name = "1200505024SelimTekin(ilkSoru)UITests";
			productName = "1200505024SelimTekin(ilkSoru)UITests";
			productReference = 7A78EFC129B607FD00C7B898 /* 1200505024SelimTekin(ilkSoru)UITests.xctest */;
			productType = "com.apple.product-type.bundle.ui-testing";
		};
/* End PBXNativeTarget section */

/* Begin PBXProject section */
		7A78EF9829B607FA00C7B898 /* Project object */ = {
			isa = PBXProject;
			attributes = {
				LastSwiftUpdateCheck = 1200;
				LastUpgradeCheck = 1200;
				TargetAttributes = {
					7A78EF9F29B607FA00C7B898 = {
						CreatedOnToolsVersion = 12.0.1;
					};
					7A78EFB529B607FD00C7B898 = {
						CreatedOnToolsVersion = 12.0.1;
						TestTargetID = 7A78EF9F29B607FA00C7B898;
					};
					7A78EFC029B607FD00C7B898 = {
						CreatedOnToolsVersion = 12.0.1;
						TestTargetID = 7A78EF9F29B607FA00C7B898;
					};
				};
			};
			buildConfigurationList = 7A78EF9B29B607FA00C7B898 /* Build configuration list for PBXProject "1200505024SelimTekin(ilkSoru)" */;
			compatibilityVersion = "Xcode 9.3";
			developmentRegion = en;
			hasScannedForEncodings = 0;
			knownRegions = (
				en,
				Base,
			);
			mainGroup = 7A78EF9729B607FA00C7B898;
			productRefGroup = 7A78EFA129B607FA00C7B898 /* Products */;
			projectDirPath = "";
			projectRoot = "";
			targets = (
				7A78EF9F29B607FA00C7B898 /* 1200505024SelimTekin(ilkSoru) */,
				7A78EFB529B607FD00C7B898 /* 1200505024SelimTekin(ilkSoru)Tests */,
				7A78EFC029B607FD00C7B898 /* 1200505024SelimTekin(ilkSoru)UITests */,
			);
		};
/* End PBXProject section */

/* Begin PBXResourcesBuildPhase section */
		7A78EF9E29B607FA00C7B898 /* Resources */ = {
			isa = PBXResourcesBuildPhase;
			buildActionMask = 2147483647;
			files = (
				7A78EFE229B6158D00C7B898 /* hatchback1.jpeg in Resources */,
				7A78EFB029B607FD00C7B898 /* LaunchScreen.storyboard in Resources */,
				7A78EFE329B6158D00C7B898 /* sedan2.jpeg in Resources */,
				7A78EFE429B6158D00C7B898 /* sedan1.jpeg in Resources */,
				7A78EFE129B6158D00C7B898 /* SUV2.jpeg in Resources */,
				7A78EFAD29B607FD00C7B898 /* Assets.xcassets in Resources */,
				7A78EFE629B6158D00C7B898 /* SUV1.jpeg in Resources */,
				7A78EFE529B6158D00C7B898 /* hatchback2.jpeg in Resources */,
				7A78EFAB29B607FA00C7B898 /* Main.storyboard in Resources */,
			);
			runOnlyForDeploymentPostprocessing = 0;
		};
		7A78EFB429B607FD00C7B898 /* Resources */ = {
			isa = PBXResourcesBuildPhase;
			buildActionMask = 2147483647;
			files = (
			);
			runOnlyForDeploymentPostprocessing = 0;
		};
		7A78EFBF29B607FD00C7B898 /* Resources */ = {
			isa = PBXResourcesBuildPhase;
			buildActionMask = 2147483647;
			files = (
			);
			runOnlyForDeploymentPostprocessing = 0;
		};
/* End PBXResourcesBuildPhase section */

/* Begin PBXSourcesBuildPhase section */
		7A78EF9C29B607FA00C7B898 /* Sources */ = {
			isa = PBXSourcesBuildPhase;
			buildActionMask = 2147483647;
			files = (
				7A78EFA829B607FA00C7B898 /* ViewController.swift in Sources */,
				7A78EFA429B607FA00C7B898 /* AppDelegate.swift in Sources */,
				7A78EFEE29B6491800C7B898 /* KiralamaViewController.swift in Sources */,
				7A78EFA629B607FA00C7B898 /* SceneDelegate.swift in Sources */,
				7A78EFD729B60CBA00C7B898 /* AraclariGoruntuleViewController.swift in Sources */,
			);
			runOnlyForDeploymentPostprocessing = 0;
		};
		7A78EFB229B607FD00C7B898 /* Sources */ = {
			isa = PBXSourcesBuildPhase;
			buildActionMask = 2147483647;
			files = (
				7A78EFBB29B607FD00C7B898 /* _200505024SelimTekin_ilkSoru_Tests.swift in Sources */,
			);
			runOnlyForDeploymentPostprocessing = 0;
		};
		7A78EFBD29B607FD00C7B898 /* Sources */ = {
			isa = PBXSourcesBuildPhase;
			buildActionMask = 2147483647;
			files = (
				7A78EFC629B607FD00C7B898 /* _200505024SelimTekin_ilkSoru_UITests.swift in Sources */,
			);
			runOnlyForDeploymentPostprocessing = 0;
		};
/* End PBXSourcesBuildPhase section */

/* Begin PBXTargetDependency section */
		7A78EFB829B607FD00C7B898 /* PBXTargetDependency */ = {
			isa = PBXTargetDependency;
			target = 7A78EF9F29B607FA00C7B898 /* 1200505024SelimTekin(ilkSoru) */;
			targetProxy = 7A78EFB729B607FD00C7B898 /* PBXContainerItemProxy */;
		};
		7A78EFC329B607FD00C7B898 /* PBXTargetDependency */ = {
			isa = PBXTargetDependency;
			target = 7A78EF9F29B607FA00C7B898 /* 1200505024SelimTekin(ilkSoru) */;
			targetProxy = 7A78EFC229B607FD00C7B898 /* PBXContainerItemProxy */;
		};
/* End PBXTargetDependency section */

/* Begin PBXVariantGroup section */
		7A78EFA929B607FA00C7B898 /* Main.storyboard */ = {
			isa = PBXVariantGroup;
			children = (
				7A78EFAA29B607FA00C7B898 /* Base */,
			);
			name = Main.storyboard;
			sourceTree = "<group>";
		};
		7A78EFAE29B607FD00C7B898 /* LaunchScreen.storyboard */ = {
			isa = PBXVariantGroup;
			children = (
				7A78EFAF29B607FD00C7B898 /* Base */,
			);
			name = LaunchScreen.storyboard;
			sourceTree = "<group>";
		};
/* End PBXVariantGroup section */

/* Begin XCBuildConfiguration section */
		7A78EFC829B607FD00C7B898 /* Debug */ = {
			isa = XCBuildConfiguration;
			buildSettings = {
				ALWAYS_SEARCH_USER_PATHS = NO;
				CLANG_ANALYZER_NONNULL = YES;
				CLANG_ANALYZER_NUMBER_OBJECT_CONVERSION = YES_AGGRESSIVE;
				CLANG_CXX_LANGUAGE_STANDARD = "gnu++14";
				CLANG_CXX_LIBRARY = "libc++";
				CLANG_ENABLE_MODULES = YES;
				CLANG_ENABLE_OBJC_ARC = YES;
				CLANG_ENABLE_OBJC_WEAK = YES;
				CLANG_WARN_BLOCK_CAPTURE_AUTORELEASING = YES;
				CLANG_WARN_BOOL_CONVERSION = YES;
				CLANG_WARN_COMMA = YES;
				CLANG_WARN_CONSTANT_CONVERSION = YES;
				CLANG_WARN_DEPRECATED_OBJC_IMPLEMENTATIONS = YES;
				CLANG_WARN_DIRECT_OBJC_ISA_USAGE = YES_ERROR;
				CLANG_WARN_DOCUMENTATION_COMMENTS = YES;
				CLANG_WARN_EMPTY_BODY = YES;
				CLANG_WARN_ENUM_CONVERSION = YES;
				CLANG_WARN_INFINITE_RECURSION = YES;
				CLANG_WARN_INT_CONVERSION = YES;
				CLANG_WARN_NON_LITERAL_NULL_CONVERSION = YES;
				CLANG_WARN_OBJC_IMPLICIT_RETAIN_SELF = YES;
				CLANG_WARN_OBJC_LITERAL_CONVERSION = YES;
				CLANG_WARN_OBJC_ROOT_CLASS = YES_ERROR;
				CLANG_WARN_QUOTED_INCLUDE_IN_FRAMEWORK_HEADER = YES;
				CLANG_WARN_RANGE_LOOP_ANALYSIS = YES;
				CLANG_WARN_STRICT_PROTOTYPES = YES;
				CLANG_WARN_SUSPICIOUS_MOVE = YES;
				CLANG_WARN_UNGUARDED_AVAILABILITY = YES_AGGRESSIVE;
				CLANG_WARN_UNREACHABLE_CODE = YES;
				CLANG_WARN__DUPLICATE_METHOD_MATCH = YES;
				COPY_PHASE_STRIP = NO;
				DEBUG_INFORMATION_FORMAT = dwarf;
				ENABLE_STRICT_OBJC_MSGSEND = YES;
				ENABLE_TESTABILITY = YES;
				GCC_C_LANGUAGE_STANDARD = gnu11;
				GCC_DYNAMIC_NO_PIC = NO;
				GCC_NO_COMMON_BLOCKS = YES;
				GCC_OPTIMIZATION_LEVEL = 0;
				GCC_PREPROCESSOR_DEFINITIONS = (
					"DEBUG=1",
					"$(inherited)",
				);
				GCC_WARN_64_TO_32_BIT_CONVERSION = YES;
				GCC_WARN_ABOUT_RETURN_TYPE = YES_ERROR;
				GCC_WARN_UNDECLARED_SELECTOR = YES;
				GCC_WARN_UNINITIALIZED_AUTOS = YES_AGGRESSIVE;
				GCC_WARN_UNUSED_FUNCTION = YES;
				GCC_WARN_UNUSED_VARIABLE = YES;
				IPHONEOS_DEPLOYMENT_TARGET = 14.0;
				MTL_ENABLE_DEBUG_INFO = INCLUDE_SOURCE;
				MTL_FAST_MATH = YES;
				ONLY_ACTIVE_ARCH = YES;
				SDKROOT = iphoneos;
				SWIFT_ACTIVE_COMPILATION_CONDITIONS = DEBUG;
				SWIFT_OPTIMIZATION_LEVEL = "-Onone";
			};
			name = Debug;
		};
		7A78EFC929B607FD00C7B898 /* Release */ = {
			isa = XCBuildConfiguration;
			buildSettings = {
				ALWAYS_SEARCH_USER_PATHS = NO;
				CLANG_ANALYZER_NONNULL = YES;
				CLANG_ANALYZER_NUMBER_OBJECT_CONVERSION = YES_AGGRESSIVE;
				CLANG_CXX_LANGUAGE_STANDARD = "gnu++14";
				CLANG_CXX_LIBRARY = "libc++";
				CLANG_ENABLE_MODULES = YES;
				CLANG_ENABLE_OBJC_ARC = YES;
				CLANG_ENABLE_OBJC_WEAK = YES;
				CLANG_WARN_BLOCK_CAPTURE_AUTORELEASING = YES;
				CLANG_WARN_BOOL_CONVERSION = YES;
				CLANG_WARN_COMMA = YES;
				CLANG_WARN_CONSTANT_CONVERSION = YES;
				CLANG_WARN_DEPRECATED_OBJC_IMPLEMENTATIONS = YES;
				CLANG_WARN_DIRECT_OBJC_ISA_USAGE = YES_ERROR;
				CLANG_WARN_DOCUMENTATION_COMMENTS = YES;
				CLANG_WARN_EMPTY_BODY = YES;
				CLANG_WARN_ENUM_CONVERSION = YES;
				CLANG_WARN_INFINITE_RECURSION = YES;
				CLANG_WARN_INT_CONVERSION = YES;
				CLANG_WARN_NON_LITERAL_NULL_CONVERSION = YES;
				CLANG_WARN_OBJC_IMPLICIT_RETAIN_SELF = YES;
				CLANG_WARN_OBJC_LITERAL_CONVERSION = YES;
				CLANG_WARN_OBJC_ROOT_CLASS = YES_ERROR;
				CLANG_WARN_QUOTED_INCLUDE_IN_FRAMEWORK_HEADER = YES;
				CLANG_WARN_RANGE_LOOP_ANALYSIS = YES;
				CLANG_WARN_STRICT_PROTOTYPES = YES;
				CLANG_WARN_SUSPICIOUS_MOVE = YES;
				CLANG_WARN_UNGUARDED_AVAILABILITY = YES_AGGRESSIVE;
				CLANG_WARN_UNREACHABLE_CODE = YES;
				CLANG_WARN__DUPLICATE_METHOD_MATCH = YES;
				COPY_PHASE_STRIP = NO;
				DEBUG_INFORMATION_FORMAT = "dwarf-with-dsym";
				ENABLE_NS_ASSERTIONS = NO;
				ENABLE_STRICT_OBJC_MSGSEND = YES;
				GCC_C_LANGUAGE_STANDARD = gnu11;
				GCC_NO_COMMON_BLOCKS = YES;
				GCC_WARN_64_TO_32_BIT_CONVERSION = YES;
				GCC_WARN_ABOUT_RETURN_TYPE = YES_ERROR;
				GCC_WARN_UNDECLARED_SELECTOR = YES;
				GCC_WARN_UNINITIALIZED_AUTOS = YES_AGGRESSIVE;
				GCC_WARN_UNUSED_FUNCTION = YES;
				GCC_WARN_UNUSED_VARIABLE = YES;
				IPHONEOS_DEPLOYMENT_TARGET = 14.0;
				MTL_ENABLE_DEBUG_INFO = NO;
				MTL_FAST_MATH = YES;
				SDKROOT = iphoneos;
				SWIFT_COMPILATION_MODE = wholemodule;
				SWIFT_OPTIMIZATION_LEVEL = "-O";
				VALIDATE_PRODUCT = YES;
			};
			name = Release;
		};
		7A78EFCB29B607FD00C7B898 /* Debug */ = {
			isa = XCBuildConfiguration;
			buildSettings = {
				ASSETCATALOG_COMPILER_APPICON_NAME = AppIcon;
				ASSETCATALOG_COMPILER_GLOBAL_ACCENT_COLOR_NAME = AccentColor;
				CODE_SIGN_STYLE = Automatic;
				DEVELOPMENT_TEAM = H54X389YC4;
				INFOPLIST_FILE = "1200505024SelimTekin(ilkSoru)/Info.plist";
				LD_RUNPATH_SEARCH_PATHS = (
					"$(inherited)",
					"@executable_path/Frameworks",
				);
				PRODUCT_BUNDLE_IDENTIFIER = "sigfest.-200505024SelimTekin-ilkSoru-";
				PRODUCT_NAME = "$(TARGET_NAME)";
				SWIFT_VERSION = 5.0;
				TARGETED_DEVICE_FAMILY = "1,2";
			};
			name = Debug;
		};
		7A78EFCC29B607FD00C7B898 /* Release */ = {
			isa = XCBuildConfiguration;
			buildSettings = {
				ASSETCATALOG_COMPILER_APPICON_NAME = AppIcon;
				ASSETCATALOG_COMPILER_GLOBAL_ACCENT_COLOR_NAME = AccentColor;
				CODE_SIGN_STYLE = Automatic;
				DEVELOPMENT_TEAM = H54X389YC4;
				INFOPLIST_FILE = "1200505024SelimTekin(ilkSoru)/Info.plist";
				LD_RUNPATH_SEARCH_PATHS = (
					"$(inherited)",
					"@executable_path/Frameworks",
				);
				PRODUCT_BUNDLE_IDENTIFIER = "sigfest.-200505024SelimTekin-ilkSoru-";
				PRODUCT_NAME = "$(TARGET_NAME)";
				SWIFT_VERSION = 5.0;
				TARGETED_DEVICE_FAMILY = "1,2";
			};
			name = Release;
		};
		7A78EFCE29B607FD00C7B898 /* Debug */ = {
			isa = XCBuildConfiguration;
			buildSettings = {
				ALWAYS_EMBED_SWIFT_STANDARD_LIBRARIES = YES;
				BUNDLE_LOADER = "$(TEST_HOST)";
				CODE_SIGN_STYLE = Automatic;
				DEVELOPMENT_TEAM = H54X389YC4;
				INFOPLIST_FILE = "1200505024SelimTekin(ilkSoru)Tests/Info.plist";
				IPHONEOS_DEPLOYMENT_TARGET = 14.0;
				LD_RUNPATH_SEARCH_PATHS = (
					"$(inherited)",
					"@executable_path/Frameworks",
					"@loader_path/Frameworks",
				);
				PRODUCT_BUNDLE_IDENTIFIER = "sigfest.-200505024SelimTekin-ilkSoru-Tests";
				PRODUCT_NAME = "$(TARGET_NAME)";
				SWIFT_VERSION = 5.0;
				TARGETED_DEVICE_FAMILY = "1,2";
				TEST_HOST = "$(BUILT_PRODUCTS_DIR)/1200505024SelimTekin(ilkSoru).app/1200505024SelimTekin(ilkSoru)";
			};
			name = Debug;
		};
		7A78EFCF29B607FD00C7B898 /* Release */ = {
			isa = XCBuildConfiguration;
			buildSettings = {
				ALWAYS_EMBED_SWIFT_STANDARD_LIBRARIES = YES;
				BUNDLE_LOADER = "$(TEST_HOST)";
				CODE_SIGN_STYLE = Automatic;
				DEVELOPMENT_TEAM = H54X389YC4;
				INFOPLIST_FILE = "1200505024SelimTekin(ilkSoru)Tests/Info.plist";
				IPHONEOS_DEPLOYMENT_TARGET = 14.0;
				LD_RUNPATH_SEARCH_PATHS = (
					"$(inherited)",
					"@executable_path/Frameworks",
					"@loader_path/Frameworks",
				);
				PRODUCT_BUNDLE_IDENTIFIER = "sigfest.-200505024SelimTekin-ilkSoru-Tests";
				PRODUCT_NAME = "$(TARGET_NAME)";
				SWIFT_VERSION = 5.0;
				TARGETED_DEVICE_FAMILY = "1,2";
				TEST_HOST = "$(BUILT_PRODUCTS_DIR)/1200505024SelimTekin(ilkSoru).app/1200505024SelimTekin(ilkSoru)";
			};
			name = Release;
		};
		7A78EFD129B607FD00C7B898 /* Debug */ = {
			isa = XCBuildConfiguration;
			buildSettings = {
				ALWAYS_EMBED_SWIFT_STANDARD_LIBRARIES = YES;
				CODE_SIGN_STYLE = Automatic;
				DEVELOPMENT_TEAM = H54X389YC4;
				INFOPLIST_FILE = "1200505024SelimTekin(ilkSoru)UITests/Info.plist";
				LD_RUNPATH_SEARCH_PATHS = (
					"$(inherited)",
					"@executable_path/Frameworks",
					"@loader_path/Frameworks",
				);
				PRODUCT_BUNDLE_IDENTIFIER = "sigfest.-200505024SelimTekin-ilkSoru-UITests";
				PRODUCT_NAME = "$(TARGET_NAME)";
				SWIFT_VERSION = 5.0;
				TARGETED_DEVICE_FAMILY = "1,2";
				TEST_TARGET_NAME = "1200505024SelimTekin(ilkSoru)";
			};
			name = Debug;
		};
		7A78EFD229B607FD00C7B898 /* Release */ = {
			isa = XCBuildConfiguration;
			buildSettings = {
				ALWAYS_EMBED_SWIFT_STANDARD_LIBRARIES = YES;
				CODE_SIGN_STYLE = Automatic;
				DEVELOPMENT_TEAM = H54X389YC4;
				INFOPLIST_FILE = "1200505024SelimTekin(ilkSoru)UITests/Info.plist";
				LD_RUNPATH_SEARCH_PATHS = (
					"$(inherited)",
					"@executable_path/Frameworks",
					"@loader_path/Frameworks",
				);
				PRODUCT_BUNDLE_IDENTIFIER = "sigfest.-200505024SelimTekin-ilkSoru-UITests";
				PRODUCT_NAME = "$(TARGET_NAME)";
				SWIFT_VERSION = 5.0;
				TARGETED_DEVICE_FAMILY = "1,2";
				TEST_TARGET_NAME = "1200505024SelimTekin(ilkSoru)";
			};
			name = Release;
		};
/* End XCBuildConfiguration section */

/* Begin XCConfigurationList section */
		7A78EF9B29B607FA00C7B898 /* Build configuration list for PBXProject "1200505024SelimTekin(ilkSoru)" */ = {
			isa = XCConfigurationList;
			buildConfigurations = (
				7A78EFC829B607FD00C7B898 /* Debug */,
				7A78EFC929B607FD00C7B898 /* Release */,
			);
			defaultConfigurationIsVisible = 0;
			defaultConfigurationName = Release;
		};
		7A78EFCA29B607FD00C7B898 /* Build configuration list for PBXNativeTarget "1200505024SelimTekin(ilkSoru)" */ = {
			isa = XCConfigurationList;
			buildConfigurations = (
				7A78EFCB29B607FD00C7B898 /* Debug */,
				7A78EFCC29B607FD00C7B898 /* Release */,
			);
			defaultConfigurationIsVisible = 0;
			defaultConfigurationName = Release;
		};
		7A78EFCD29B607FD00C7B898 /* Build configuration list for PBXNativeTarget "1200505024SelimTekin(ilkSoru)Tests" */ = {
			isa = XCConfigurationList;
			buildConfigurations = (
				7A78EFCE29B607FD00C7B898 /* Debug */,
				7A78EFCF29B607FD00C7B898 /* Release */,
			);
			defaultConfigurationIsVisible = 0;
			defaultConfigurationName = Release;
		};
		7A78EFD029B607FD00C7B898 /* Build configuration list for PBXNativeTarget "1200505024SelimTekin(ilkSoru)UITests" */ = {
			isa = XCConfigurationList;
			buildConfigurations = (
				7A78EFD129B607FD00C7B898 /* Debug */,
				7A78EFD229B607FD00C7B898 /* Release */,
			);
			defaultConfigurationIsVisible = 0;
			defaultConfigurationName = Release;
		};
/* End XCConfigurationList section */
	};
	rootObject = 7A78EF9829B607FA00C7B898 /* Project object */;
}
